
Microsoft Visual Studio Solution File, Format Version 12.00
# Visual Studio 15
Project("{FAE04EC0-301F-11D3-BF4B-00C04F79EFBC}") = "Microsoft.MixedReality.Toolkit.Editor.BuildAndDeploy", "Microsoft.MixedReality.Toolkit.Editor.BuildAndDeploy.csproj", "{4A749865-E367-771A-FADB-A8A9193D16AF}"
EndProject
Project("{FAE04EC0-301F-11D3-BF4B-00C04F79EFBC}") = "Microsoft.MixedReality.Toolkit", "Microsoft.MixedReality.Toolkit.csproj", "{9D188927-AFCD-C978-7E03-86102BE42FC5}"
EndProject
Project("{FAE04EC0-301F-11D3-BF4B-00C04F79EFBC}") = "Microsoft.MixedReality.Toolkit.SDK.Editor", "Microsoft.MixedReality.Toolkit.SDK.Editor.csproj", "{0289D9AB-B7B4-C0C8-3EA9-FAAF783390B5}"
EndProject
Project("{FAE04EC0-301F-11D3-BF4B-00C04F79EFBC}") = "Microsoft.MixedReality.Toolkit.Services.InputSimulation", "Microsoft.MixedReality.Toolkit.Services.InputSimulation.csproj", "{1212A12D-D528-FAE9-E40B-3326FC88CED4}"
EndProject
Project("{FAE04EC0-301F-11D3-BF4B-00C04F79EFBC}") = "Microsoft.MixedReality.Toolkit.Examples", "Microsoft.MixedReality.Toolkit.Examples.csproj", "{F373B330-3FDF-3BA2-90D6-744BE9333069}"
EndProject
Project("{FAE04EC0-301F-11D3-BF4B-00C04F79EFBC}") = "Microsoft.MixedReality.Toolkit.Editor.Utilities", "Microsoft.MixedReality.Toolkit.Editor.Utilities.csproj", "{362A0C6E-1267-04B0-3A6F-E6E08CC01E0C}"
EndProject
Project("{FAE04EC0-301F-11D3-BF4B-00C04F79EFBC}") = "Microsoft.MixedReality.Toolkit.Providers.XRSDK", "Microsoft.MixedReality.Toolkit.Providers.XRSDK.csproj", "{A0234556-EFED-6D09-F551-419EA517147E}"
EndProject
Project("{FAE04EC0-301F-11D3-BF4B-00C04F79EFBC}") = "Microsoft.MixedReality.Toolkit.Providers.OpenXR", "Microsoft.MixedReality.Toolkit.Providers.OpenXR.csproj", "{131AF2E2-7FDD-4761-1B87-56B28EBC817B}"
EndProject
Project("{FAE04EC0-301F-11D3-BF4B-00C04F79EFBC}") = "Microsoft.MixedReality.Toolkit.Tests.PlayModeTests", "Microsoft.MixedReality.Toolkit.Tests.PlayModeTests.csproj", "{C5FD47F4-478D-9D52-02E5-D50F1677C6AA}"
EndProject
Project("{FAE04EC0-301F-11D3-BF4B-00C04F79EFBC}") = "Microsoft.MixedReality.Toolkit.SDK", "Microsoft.MixedReality.Toolkit.SDK.csproj", "{9E610A20-7A75-4509-F6E5-541CC81216C3}"
EndProject
Project("{FAE04EC0-301F-11D3-BF4B-00C04F79EFBC}") = "Microsoft.MixedReality.Toolkit.Providers.XRSDK.WindowsMixedReality", "Microsoft.MixedReality.Toolkit.Providers.XRSDK.WindowsMixedReality.csproj", "{668E1EB5-63AD-2D7B-1FE2-360A1CC795B3}"
EndProject
Project("{FAE04EC0-301F-11D3-BF4B-00C04F79EFBC}") = "Microsoft.MixedReality.Toolkit.Tests.EditModeTests", "Microsoft.MixedReality.Toolkit.Tests.EditModeTests.csproj", "{A75C3473-7A53-99A8-62BC-D23FEA687138}"
EndProject
Project("{FAE04EC0-301F-11D3-BF4B-00C04F79EFBC}") = "Microsoft.MixedReality.Toolkit.SDK.Experimental.Interactive", "Microsoft.MixedReality.Toolkit.SDK.Experimental.Interactive.csproj", "{75CD6D4C-7943-38CC-CFFD-E28BF5B15E34}"
EndProject
Project("{FAE04EC0-301F-11D3-BF4B-00C04F79EFBC}") = "Microsoft.MixedReality.Toolkit.SDK.Experimental.Editor.Interactive", "Microsoft.MixedReality.Toolkit.SDK.Experimental.Editor.Interactive.csproj", "{FCE01FC9-F3F1-58CA-CE8F-E059DCE3913A}"
EndProject
Project("{FAE04EC0-301F-11D3-BF4B-00C04F79EFBC}") = "Microsoft.MixedReality.Toolkit.Gltf", "Microsoft.MixedReality.Toolkit.Gltf.csproj", "{EB94E362-DA4A-5E07-E4C7-88F02835E9B6}"
EndProject
Project("{FAE04EC0-301F-11D3-BF4B-00C04F79EFBC}") = "Microsoft.MixedReality.Toolkit.Demos.Audio", "Microsoft.MixedReality.Toolkit.Demos.Audio.csproj", "{4518777F-9C06-73D7-3E23-64AF50981174}"
EndProject
Project("{FAE04EC0-301F-11D3-BF4B-00C04F79EFBC}") = "Microsoft.MixedReality.Toolkit.Services.SceneSystem", "Microsoft.MixedReality.Toolkit.Services.SceneSystem.csproj", "{F02325C4-0130-5959-8A09-20220F9303B8}"
EndProject
Project("{FAE04EC0-301F-11D3-BF4B-00C04F79EFBC}") = "Microsoft.MixedReality.Toolkit.Editor.Inspectors", "Microsoft.MixedReality.Toolkit.Editor.Inspectors.csproj", "{BB398FC0-BEEA-11C7-88C6-76EEC2D60736}"
EndProject
Project("{FAE04EC0-301F-11D3-BF4B-00C04F79EFBC}") = "Microsoft.MixedReality.Toolkit.Async", "Microsoft.MixedReality.Toolkit.Async.csproj", "{F9BE414C-76E8-D6D1-27C2-7961A0CF1ABE}"
EndProject
Project("{FAE04EC0-301F-11D3-BF4B-00C04F79EFBC}") = "Microsoft.MixedReality.Toolkit.Demos.StandardShader.Inspectors", "Microsoft.MixedReality.Toolkit.Demos.StandardShader.Inspectors.csproj", "{E185CFE7-04AD-6DA1-A776-BE460C6A6505}"
EndProject
Project("{FAE04EC0-301F-11D3-BF4B-00C04F79EFBC}") = "Microsoft.MixedReality.Toolkit.Providers.WindowsMixedReality.Shared", "Microsoft.MixedReality.Toolkit.Providers.WindowsMixedReality.Shared.csproj", "{B7506385-D03B-DE15-128F-83EB5E02F3CE}"
EndProject
Project("{FAE04EC0-301F-11D3-BF4B-00C04F79EFBC}") = "Microsoft.MixedReality.Toolkit.Extensions.HandPhysics", "Microsoft.MixedReality.Toolkit.Extensions.HandPhysics.csproj", "{8246FAFB-B07D-AC94-BBD4-B59A4F5DFF11}"
EndProject
Project("{FAE04EC0-301F-11D3-BF4B-00C04F79EFBC}") = "Microsoft.MixedReality.Toolkit.Extensions.Tracking.Editor", "Microsoft.MixedReality.Toolkit.Extensions.Tracking.Editor.csproj", "{7EAA8FE5-C7DE-EB58-6AAE-8CE1DBF5AC13}"
EndProject
Project("{FAE04EC0-301F-11D3-BF4B-00C04F79EFBC}") = "Microsoft.MixedReality.Toolkit.Tests.Utilities", "Microsoft.MixedReality.Toolkit.Tests.Utilities.csproj", "{2C0F5E56-0B2E-F5BF-42CE-3A8E42420053}"
EndProject
Project("{FAE04EC0-301F-11D3-BF4B-00C04F79EFBC}") = "Microsoft.MixedReality.Toolkit.Extensions.SceneTransitionService", "Microsoft.MixedReality.Toolkit.Extensions.SceneTransitionService.csproj", "{C7B1DA54-DF6F-9A2E-23DE-57CDA6C42E7C}"
EndProject
Project("{FAE04EC0-301F-11D3-BF4B-00C04F79EFBC}") = "Microsoft.MixedReality.Toolkit.Extensions.Tracking", "Microsoft.MixedReality.Toolkit.Extensions.Tracking.csproj", "{648D740E-FDF1-A25A-C22F-A3632EC1BB8B}"
EndProject
Project("{FAE04EC0-301F-11D3-BF4B-00C04F79EFBC}") = "Assembly-CSharp", "Assembly-CSharp.csproj", "{7AC829DD-877A-BBB3-3B66-E243E016A10A}"
EndProject
Project("{FAE04EC0-301F-11D3-BF4B-00C04F79EFBC}") = "Microsoft.MixedReality.Toolkit.MSBuild", "Microsoft.MixedReality.Toolkit.MSBuild.csproj", "{F8378AE2-05E2-3525-92F6-51E402D510E7}"
EndProject
Project("{FAE04EC0-301F-11D3-BF4B-00C04F79EFBC}") = "Microsoft.MixedReality.Toolkit.Services.InputSystem", "Microsoft.MixedReality.Toolkit.Services.InputSystem.csproj", "{6ABC196C-D77C-2BC0-5319-09DED1D03273}"
EndProject
Project("{FAE04EC0-301F-11D3-BF4B-00C04F79EFBC}") = "Microsoft.MixedReality.Toolkit.Providers.OpenXR.Editor", "Microsoft.MixedReality.Toolkit.Providers.OpenXR.Editor.csproj", "{00FB58F0-F423-9224-8C33-BD13F1CA3F42}"
EndProject
Project("{FAE04EC0-301F-11D3-BF4B-00C04F79EFBC}") = "Microsoft.MixedReality.Toolkit.Demos.Gltf", "Microsoft.MixedReality.Toolkit.Demos.Gltf.csproj", "{B1B3DD44-BD0E-FF0D-8173-226E11ED29FC}"
EndProject
Project("{FAE04EC0-301F-11D3-BF4B-00C04F79EFBC}") = "Microsoft.MixedReality.Toolkit.Tools", "Microsoft.MixedReality.Toolkit.Tools.csproj", "{9E4FAA1D-C5D9-3E1E-F7B3-52C841F3C9B9}"
EndProject
Project("{FAE04EC0-301F-11D3-BF4B-00C04F79EFBC}") = "Microsoft.MixedReality.Toolkit.Services.InputSimulation.Editor", "Microsoft.MixedReality.Toolkit.Services.InputSimulation.Editor.csproj", "{33712E73-91A1-B097-F9C2-F4390C3952C1}"
EndProject
Project("{FAE04EC0-301F-11D3-BF4B-00C04F79EFBC}") = "Microsoft.MixedReality.Toolkit.Providers.LeapMotion.Editor", "Microsoft.MixedReality.Toolkit.Providers.LeapMotion.Editor.csproj", "{19F4E527-D516-08F4-458D-B6C8D8D995C4}"
EndProject
Project("{FAE04EC0-301F-11D3-BF4B-00C04F79EFBC}") = "Microsoft.MixedReality.Toolkit.Services.InputAnimation", "Microsoft.MixedReality.Toolkit.Services.InputAnimation.csproj", "{1C163BA2-7420-9EA2-1B75-EB897E56A75B}"
EndProject
Project("{FAE04EC0-301F-11D3-BF4B-00C04F79EFBC}") = "Microsoft.MixedReality.Toolkit.Services.DiagnosticsSystem", "Microsoft.MixedReality.Toolkit.Services.DiagnosticsSystem.csproj", "{DC6FB5F9-993D-345B-5842-19439C68378E}"
EndProject
Project("{FAE04EC0-301F-11D3-BF4B-00C04F79EFBC}") = "Microsoft.MixedReality.Toolkit.Providers.LeapMotion", "Microsoft.MixedReality.Toolkit.Providers.LeapMotion.csproj", "{3C1B119C-F243-A726-4636-12A9D7B4F841}"
EndProject
Project("{FAE04EC0-301F-11D3-BF4B-00C04F79EFBC}") = "Microsoft.MixedReality.Toolkit.Gltf.Importers", "Microsoft.MixedReality.Toolkit.Gltf.Importers.csproj", "{E9B85F71-ED99-D150-5879-7960671A34D1}"
EndProject
Project("{FAE04EC0-301F-11D3-BF4B-00C04F79EFBC}") = "Microsoft.MixedReality.Toolkit.Editor.ServiceInspectors", "Microsoft.MixedReality.Toolkit.Editor.ServiceInspectors.csproj", "{C549FE41-43A4-AE87-848A-6A3C72CDF5F3}"
EndProject
Project("{FAE04EC0-301F-11D3-BF4B-00C04F79EFBC}") = "Microsoft.MixedReality.Toolkit.Tools.Runtime", "Microsoft.MixedReality.Toolkit.Tools.Runtime.csproj", "{14AAE05B-B6D5-740E-5476-C7313937476B}"
EndProject
Project("{FAE04EC0-301F-11D3-BF4B-00C04F79EFBC}") = "Microsoft.MixedReality.Toolkit.Providers.ObjectMeshObserver", "Microsoft.MixedReality.Toolkit.Providers.ObjectMeshObserver.csproj", "{7F2E0D9A-D49D-1A4B-75D5-7953765B4602}"
EndProject
Project("{FAE04EC0-301F-11D3-BF4B-00C04F79EFBC}") = "Microsoft.MixedReality.Toolkit.Services.InputSystem.Editor", "Microsoft.MixedReality.Toolkit.Services.InputSystem.Editor.csproj", "{E8B8AFE4-392E-1D56-3C5E-ACB7F5D0CCB2}"
EndProject
Project("{FAE04EC0-301F-11D3-BF4B-00C04F79EFBC}") = "Microsoft.MixedReality.Toolkit.Editor.ClassExtensions", "Microsoft.MixedReality.Toolkit.Editor.ClassExtensions.csproj", "{6B2B9AB8-E57E-B4D0-08C4-779182ABFE55}"
EndProject
Project("{FAE04EC0-301F-11D3-BF4B-00C04F79EFBC}") = "Microsoft.MixedReality.Toolkit.Providers.XRSDK.Oculus", "Microsoft.MixedReality.Toolkit.Providers.XRSDK.Oculus.csproj", "{6731E8F1-872C-92F6-466E-6B2B7667DA51}"
EndProject
Project("{FAE04EC0-301F-11D3-BF4B-00C04F79EFBC}") = "Microsoft.MixedReality.Toolkit.Demos.UX.Interactables", "Microsoft.MixedReality.Toolkit.Demos.UX.Interactables.csproj", "{CBB4760E-D693-AE2A-559D-013AA747C115}"
EndProject
Project("{FAE04EC0-301F-11D3-BF4B-00C04F79EFBC}") = "Microsoft.MixedReality.Toolkit.Providers.WindowsSceneUnderstanding.Editor", "Microsoft.MixedReality.Toolkit.Providers.WindowsSceneUnderstanding.Editor.csproj", "{DC8EBB23-E7E4-2AC9-F81F-3BC97C13DF5E}"
EndProject
Project("{FAE04EC0-301F-11D3-BF4B-00C04F79EFBC}") = "Microsoft.MixedReality.Toolkit.Providers.UnityAR", "Microsoft.MixedReality.Toolkit.Providers.UnityAR.csproj", "{DBD7EC3D-626F-3480-0FD5-2A9DA1AD872F}"
EndProject
Project("{FAE04EC0-301F-11D3-BF4B-00C04F79EFBC}") = "Microsoft.MixedReality.Toolkit.Providers.WindowsVoiceInput", "Microsoft.MixedReality.Toolkit.Providers.WindowsVoiceInput.csproj", "{F438EB74-CFC7-0F32-3027-7C234C32D5B7}"
EndProject
Project("{FAE04EC0-301F-11D3-BF4B-00C04F79EFBC}") = "Microsoft.MixedReality.Toolkit.Services.SpatialAwarenessSystem", "Microsoft.MixedReality.Toolkit.Services.SpatialAwarenessSystem.csproj", "{24B23F39-3534-F029-B57D-B8B7BDFCB77F}"
EndProject
Project("{FAE04EC0-301F-11D3-BF4B-00C04F79EFBC}") = "Microsoft.MixedReality.Toolkit.Providers.XRSDK.Oculus.Handtracking.Editor", "Microsoft.MixedReality.Toolkit.Providers.XRSDK.Oculus.Handtracking.Editor.csproj", "{0AAFB818-9912-52A3-D6A3-7BDAEB1009D1}"
EndProject
Project("{FAE04EC0-301F-11D3-BF4B-00C04F79EFBC}") = "Microsoft.MixedReality.Toolkit.Providers.WindowsMixedReality.Editor", "Microsoft.MixedReality.Toolkit.Providers.WindowsMixedReality.Editor.csproj", "{78AC2FD9-FBB6-441E-6C81-9F35A4DF6634}"
EndProject
Project("{FAE04EC0-301F-11D3-BF4B-00C04F79EFBC}") = "Microsoft.MixedReality.Toolkit.Providers.WindowsSceneUnderstanding", "Microsoft.MixedReality.Toolkit.Providers.WindowsSceneUnderstanding.csproj", "{7A307EF6-3DE1-F7A8-1163-09CA52E87406}"
EndProject
Project("{FAE04EC0-301F-11D3-BF4B-00C04F79EFBC}") = "Microsoft.MixedReality.Toolkit.SDK.Experimental.Editor", "Microsoft.MixedReality.Toolkit.SDK.Experimental.Editor.csproj", "{18361253-EA4F-FFFE-4228-4A6994E44820}"
EndProject
Project("{FAE04EC0-301F-11D3-BF4B-00C04F79EFBC}") = "Microsoft.MixedReality.Toolkit.Services.CameraSystem", "Microsoft.MixedReality.Toolkit.Services.CameraSystem.csproj", "{033AE1D1-1A38-E987-9140-484CB8439AAB}"
EndProject
Project("{FAE04EC0-301F-11D3-BF4B-00C04F79EFBC}") = "Microsoft.MixedReality.Toolkit.Demos.InspectorFields.Inspectors", "Microsoft.MixedReality.Toolkit.Demos.InspectorFields.Inspectors.csproj", "{73973B9C-0B64-48EE-9B9F-54113DE000D3}"
EndProject
Project("{FAE04EC0-301F-11D3-BF4B-00C04F79EFBC}") = "Microsoft.MixedReality.Toolkit.Services.TeleportSystem", "Microsoft.MixedReality.Toolkit.Services.TeleportSystem.csproj", "{CA7E7408-D618-4033-8D5A-E96DA819E9D3}"
EndProject
Project("{FAE04EC0-301F-11D3-BF4B-00C04F79EFBC}") = "Microsoft.MixedReality.Toolkit.Demos.InspectorFields", "Microsoft.MixedReality.Toolkit.Demos.InspectorFields.csproj", "{D2D35CC1-ECC1-A5CF-173A-002F973C021C}"
EndProject
Project("{FAE04EC0-301F-11D3-BF4B-00C04F79EFBC}") = "Microsoft.MixedReality.Toolkit.StandardAssets.Editor", "Microsoft.MixedReality.Toolkit.StandardAssets.Editor.csproj", "{4C150343-DE3D-C1EA-4A76-D6572FDDF726}"
EndProject
Project("{FAE04EC0-301F-11D3-BF4B-00C04F79EFBC}") = "Microsoft.MixedReality.Toolkit.Providers.UnityAR.Editor", "Microsoft.MixedReality.Toolkit.Providers.UnityAR.Editor.csproj", "{B0600A8A-63BD-8949-FA53-A48F6220D8C5}"
EndProject
Project("{FAE04EC0-301F-11D3-BF4B-00C04F79EFBC}") = "Microsoft.MixedReality.Toolkit.Demos.Gltf.Inspectors", "Microsoft.MixedReality.Toolkit.Demos.Gltf.Inspectors.csproj", "{7BE4B238-6E66-6F6B-4BB2-0D4A5CA6C214}"
EndProject
Global
	GlobalSection(SolutionConfigurationPlatforms) = preSolution
		Debug|Any CPU = Debug|Any CPU
		Release|Any CPU = Release|Any CPU
	EndGlobalSection
	GlobalSection(ProjectConfigurationPlatforms) = postSolution
		{4A749865-E367-771A-FADB-A8A9193D16AF}.Debug|Any CPU.ActiveCfg = Debug|Any CPU
		{4A749865-E367-771A-FADB-A8A9193D16AF}.Debug|Any CPU.Build.0 = Debug|Any CPU
		{4A749865-E367-771A-FADB-A8A9193D16AF}.Release|Any CPU.ActiveCfg = Release|Any CPU
		{4A749865-E367-771A-FADB-A8A9193D16AF}.Release|Any CPU.Build.0 = Release|Any CPU
		{9D188927-AFCD-C978-7E03-86102BE42FC5}.Debug|Any CPU.ActiveCfg = Debug|Any CPU
		{9D188927-AFCD-C978-7E03-86102BE42FC5}.Debug|Any CPU.Build.0 = Debug|Any CPU
		{9D188927-AFCD-C978-7E03-86102BE42FC5}.Release|Any CPU.ActiveCfg = Release|Any CPU
		{9D188927-AFCD-C978-7E03-86102BE42FC5}.Release|Any CPU.Build.0 = Release|Any CPU
		{0289D9AB-B7B4-C0C8-3EA9-FAAF783390B5}.Debug|Any CPU.ActiveCfg = Debug|Any CPU
		{0289D9AB-B7B4-C0C8-3EA9-FAAF783390B5}.Debug|Any CPU.Build.0 = Debug|Any CPU
		{0289D9AB-B7B4-C0C8-3EA9-FAAF783390B5}.Release|Any CPU.ActiveCfg = Release|Any CPU
		{0289D9AB-B7B4-C0C8-3EA9-FAAF783390B5}.Release|Any CPU.Build.0 = Release|Any CPU
		{1212A12D-D528-FAE9-E40B-3326FC88CED4}.Debug|Any CPU.ActiveCfg = Debug|Any CPU
		{1212A12D-D528-FAE9-E40B-3326FC88CED4}.Debug|Any CPU.Build.0 = Debug|Any CPU
		{1212A12D-D528-FAE9-E40B-3326FC88CED4}.Release|Any CPU.ActiveCfg = Release|Any CPU
		{1212A12D-D528-FAE9-E40B-3326FC88CED4}.Release|Any CPU.Build.0 = Release|Any CPU
		{F373B330-3FDF-3BA2-90D6-744BE9333069}.Debug|Any CPU.ActiveCfg = Debug|Any CPU
		{F373B330-3FDF-3BA2-90D6-744BE9333069}.Debug|Any CPU.Build.0 = Debug|Any CPU
		{F373B330-3FDF-3BA2-90D6-744BE9333069}.Release|Any CPU.ActiveCfg = Release|Any CPU
		{F373B330-3FDF-3BA2-90D6-744BE9333069}.Release|Any CPU.Build.0 = Release|Any CPU
		{362A0C6E-1267-04B0-3A6F-E6E08CC01E0C}.Debug|Any CPU.ActiveCfg = Debug|Any CPU
		{362A0C6E-1267-04B0-3A6F-E6E08CC01E0C}.Debug|Any CPU.Build.0 = Debug|Any CPU
		{362A0C6E-1267-04B0-3A6F-E6E08CC01E0C}.Release|Any CPU.ActiveCfg = Release|Any CPU
		{362A0C6E-1267-04B0-3A6F-E6E08CC01E0C}.Release|Any CPU.Build.0 = Release|Any CPU
		{A0234556-EFED-6D09-F551-419EA517147E}.Debug|Any CPU.ActiveCfg = Debug|Any CPU
		{A0234556-EFED-6D09-F551-419EA517147E}.Debug|Any CPU.Build.0 = Debug|Any CPU
		{A0234556-EFED-6D09-F551-419EA517147E}.Release|Any CPU.ActiveCfg = Release|Any CPU
		{A0234556-EFED-6D09-F551-419EA517147E}.Release|Any CPU.Build.0 = Release|Any CPU
		{131AF2E2-7FDD-4761-1B87-56B28EBC817B}.Debug|Any CPU.ActiveCfg = Debug|Any CPU
		{131AF2E2-7FDD-4761-1B87-56B28EBC817B}.Debug|Any CPU.Build.0 = Debug|Any CPU
		{131AF2E2-7FDD-4761-1B87-56B28EBC817B}.Release|Any CPU.ActiveCfg = Release|Any CPU
		{131AF2E2-7FDD-4761-1B87-56B28EBC817B}.Release|Any CPU.Build.0 = Release|Any CPU
		{C5FD47F4-478D-9D52-02E5-D50F1677C6AA}.Debug|Any CPU.ActiveCfg = Debug|Any CPU
		{C5FD47F4-478D-9D52-02E5-D50F1677C6AA}.Debug|Any CPU.Build.0 = Debug|Any CPU
		{C5FD47F4-478D-9D52-02E5-D50F1677C6AA}.Release|Any CPU.ActiveCfg = Release|Any CPU
		{C5FD47F4-478D-9D52-02E5-D50F1677C6AA}.Release|Any CPU.Build.0 = Release|Any CPU
		{9E610A20-7A75-4509-F6E5-541CC81216C3}.Debug|Any CPU.ActiveCfg = Debug|Any CPU
		{9E610A20-7A75-4509-F6E5-541CC81216C3}.Debug|Any CPU.Build.0 = Debug|Any CPU
		{9E610A20-7A75-4509-F6E5-541CC81216C3}.Release|Any CPU.ActiveCfg = Release|Any CPU
		{9E610A20-7A75-4509-F6E5-541CC81216C3}.Release|Any CPU.Build.0 = Release|Any CPU
		{668E1EB5-63AD-2D7B-1FE2-360A1CC795B3}.Debug|Any CPU.ActiveCfg = Debug|Any CPU
		{668E1EB5-63AD-2D7B-1FE2-360A1CC795B3}.Debug|Any CPU.Build.0 = Debug|Any CPU
		{668E1EB5-63AD-2D7B-1FE2-360A1CC795B3}.Release|Any CPU.ActiveCfg = Release|Any CPU
		{668E1EB5-63AD-2D7B-1FE2-360A1CC795B3}.Release|Any CPU.Build.0 = Release|Any CPU
		{A75C3473-7A53-99A8-62BC-D23FEA687138}.Debug|Any CPU.ActiveCfg = Debug|Any CPU
		{A75C3473-7A53-99A8-62BC-D23FEA687138}.Debug|Any CPU.Build.0 = Debug|Any CPU
		{A75C3473-7A53-99A8-62BC-D23FEA687138}.Release|Any CPU.ActiveCfg = Release|Any CPU
		{A75C3473-7A53-99A8-62BC-D23FEA687138}.Release|Any CPU.Build.0 = Release|Any CPU
		{75CD6D4C-7943-38CC-CFFD-E28BF5B15E34}.Debug|Any CPU.ActiveCfg = Debug|Any CPU
		{75CD6D4C-7943-38CC-CFFD-E28BF5B15E34}.Debug|Any CPU.Build.0 = Debug|Any CPU
		{75CD6D4C-7943-38CC-CFFD-E28BF5B15E34}.Release|Any CPU.ActiveCfg = Release|Any CPU
		{75CD6D4C-7943-38CC-CFFD-E28BF5B15E34}.Release|Any CPU.Build.0 = Release|Any CPU
		{FCE01FC9-F3F1-58CA-CE8F-E059DCE3913A}.Debug|Any CPU.ActiveCfg = Debug|Any CPU
		{FCE01FC9-F3F1-58CA-CE8F-E059DCE3913A}.Debug|Any CPU.Build.0 = Debug|Any CPU
		{FCE01FC9-F3F1-58CA-CE8F-E059DCE3913A}.Release|Any CPU.ActiveCfg = Release|Any CPU
		{FCE01FC9-F3F1-58CA-CE8F-E059DCE3913A}.Release|Any CPU.Build.0 = Release|Any CPU
		{EB94E362-DA4A-5E07-E4C7-88F02835E9B6}.Debug|Any CPU.ActiveCfg = Debug|Any CPU
		{EB94E362-DA4A-5E07-E4C7-88F02835E9B6}.Debug|Any CPU.Build.0 = Debug|Any CPU
		{EB94E362-DA4A-5E07-E4C7-88F02835E9B6}.Release|Any CPU.ActiveCfg = Release|Any CPU
		{EB94E362-DA4A-5E07-E4C7-88F02835E9B6}.Release|Any CPU.Build.0 = Release|Any CPU
		{4518777F-9C06-73D7-3E23-64AF50981174}.Debug|Any CPU.ActiveCfg = Debug|Any CPU
		{4518777F-9C06-73D7-3E23-64AF50981174}.Debug|Any CPU.Build.0 = Debug|Any CPU
		{4518777F-9C06-73D7-3E23-64AF50981174}.Release|Any CPU.ActiveCfg = Release|Any CPU
		{4518777F-9C06-73D7-3E23-64AF50981174}.Release|Any CPU.Build.0 = Release|Any CPU
		{F02325C4-0130-5959-8A09-20220F9303B8}.Debug|Any CPU.ActiveCfg = Debug|Any CPU
		{F02325C4-0130-5959-8A09-20220F9303B8}.Debug|Any CPU.Build.0 = Debug|Any CPU
		{F02325C4-0130-5959-8A09-20220F9303B8}.Release|Any CPU.ActiveCfg = Release|Any CPU
		{F02325C4-0130-5959-8A09-20220F9303B8}.Release|Any CPU.Build.0 = Release|Any CPU
		{BB398FC0-BEEA-11C7-88C6-76EEC2D60736}.Debug|Any CPU.ActiveCfg = Debug|Any CPU
		{BB398FC0-BEEA-11C7-88C6-76EEC2D60736}.Debug|Any CPU.Build.0 = Debug|Any CPU
		{BB398FC0-BEEA-11C7-88C6-76EEC2D60736}.Release|Any CPU.ActiveCfg = Release|Any CPU
		{BB398FC0-BEEA-11C7-88C6-76EEC2D60736}.Release|Any CPU.Build.0 = Release|Any CPU
		{F9BE414C-76E8-D6D1-27C2-7961A0CF1ABE}.Debug|Any CPU.ActiveCfg = Debug|Any CPU
		{F9BE414C-76E8-D6D1-27C2-7961A0CF1ABE}.Debug|Any CPU.Build.0 = Debug|Any CPU
		{F9BE414C-76E8-D6D1-27C2-7961A0CF1ABE}.Release|Any CPU.ActiveCfg = Release|Any CPU
		{F9BE414C-76E8-D6D1-27C2-7961A0CF1ABE}.Release|Any CPU.Build.0 = Release|Any CPU
		{E185CFE7-04AD-6DA1-A776-BE460C6A6505}.Debug|Any CPU.ActiveCfg = Debug|Any CPU
		{E185CFE7-04AD-6DA1-A776-BE460C6A6505}.Debug|Any CPU.Build.0 = Debug|Any CPU
		{E185CFE7-04AD-6DA1-A776-BE460C6A6505}.Release|Any CPU.ActiveCfg = Release|Any CPU
		{E185CFE7-04AD-6DA1-A776-BE460C6A6505}.Release|Any CPU.Build.0 = Release|Any CPU
		{B7506385-D03B-DE15-128F-83EB5E02F3CE}.Debug|Any CPU.ActiveCfg = Debug|Any CPU
		{B7506385-D03B-DE15-128F-83EB5E02F3CE}.Debug|Any CPU.Build.0 = Debug|Any CPU
		{B7506385-D03B-DE15-128F-83EB5E02F3CE}.Release|Any CPU.ActiveCfg = Release|Any CPU
		{B7506385-D03B-DE15-128F-83EB5E02F3CE}.Release|Any CPU.Build.0 = Release|Any CPU
		{8246FAFB-B07D-AC94-BBD4-B59A4F5DFF11}.Debug|Any CPU.ActiveCfg = Debug|Any CPU
		{8246FAFB-B07D-AC94-BBD4-B59A4F5DFF11}.Debug|Any CPU.Build.0 = Debug|Any CPU
		{8246FAFB-B07D-AC94-BBD4-B59A4F5DFF11}.Release|Any CPU.ActiveCfg = Release|Any CPU
		{8246FAFB-B07D-AC94-BBD4-B59A4F5DFF11}.Release|Any CPU.Build.0 = Release|Any CPU
		{7EAA8FE5-C7DE-EB58-6AAE-8CE1DBF5AC13}.Debug|Any CPU.ActiveCfg = Debug|Any CPU
		{7EAA8FE5-C7DE-EB58-6AAE-8CE1DBF5AC13}.Debug|Any CPU.Build.0 = Debug|Any CPU
		{7EAA8FE5-C7DE-EB58-6AAE-8CE1DBF5AC13}.Release|Any CPU.ActiveCfg = Release|Any CPU
		{7EAA8FE5-C7DE-EB58-6AAE-8CE1DBF5AC13}.Release|Any CPU.Build.0 = Release|Any CPU
		{2C0F5E56-0B2E-F5BF-42CE-3A8E42420053}.Debug|Any CPU.ActiveCfg = Debug|Any CPU
		{2C0F5E56-0B2E-F5BF-42CE-3A8E42420053}.Debug|Any CPU.Build.0 = Debug|Any CPU
		{2C0F5E56-0B2E-F5BF-42CE-3A8E42420053}.Release|Any CPU.ActiveCfg = Release|Any CPU
		{2C0F5E56-0B2E-F5BF-42CE-3A8E42420053}.Release|Any CPU.Build.0 = Release|Any CPU
		{C7B1DA54-DF6F-9A2E-23DE-57CDA6C42E7C}.Debug|Any CPU.ActiveCfg = Debug|Any CPU
		{C7B1DA54-DF6F-9A2E-23DE-57CDA6C42E7C}.Debug|Any CPU.Build.0 = Debug|Any CPU
		{C7B1DA54-DF6F-9A2E-23DE-57CDA6C42E7C}.Release|Any CPU.ActiveCfg = Release|Any CPU
		{C7B1DA54-DF6F-9A2E-23DE-57CDA6C42E7C}.Release|Any CPU.Build.0 = Release|Any CPU
		{648D740E-FDF1-A25A-C22F-A3632EC1BB8B}.Debug|Any CPU.ActiveCfg = Debug|Any CPU
		{648D740E-FDF1-A25A-C22F-A3632EC1BB8B}.Debug|Any CPU.Build.0 = Debug|Any CPU
		{648D740E-FDF1-A25A-C22F-A3632EC1BB8B}.Release|Any CPU.ActiveCfg = Release|Any CPU
		{648D740E-FDF1-A25A-C22F-A3632EC1BB8B}.Release|Any CPU.Build.0 = Release|Any CPU
		{7AC829DD-877A-BBB3-3B66-E243E016A10A}.Debug|Any CPU.ActiveCfg = Debug|Any CPU
		{7AC829DD-877A-BBB3-3B66-E243E016A10A}.Debug|Any CPU.Build.0 = Debug|Any CPU
		{7AC829DD-877A-BBB3-3B66-E243E016A10A}.Release|Any CPU.ActiveCfg = Release|Any CPU
		{7AC829DD-877A-BBB3-3B66-E243E016A10A}.Release|Any CPU.Build.0 = Release|Any CPU
		{F8378AE2-05E2-3525-92F6-51E402D510E7}.Debug|Any CPU.ActiveCfg = Debug|Any CPU
		{F8378AE2-05E2-3525-92F6-51E402D510E7}.Debug|Any CPU.Build.0 = Debug|Any CPU
		{F8378AE2-05E2-3525-92F6-51E402D510E7}.Release|Any CPU.ActiveCfg = Release|Any CPU
		{F8378AE2-05E2-3525-92F6-51E402D510E7}.Release|Any CPU.Build.0 = Release|Any CPU
		{6ABC196C-D77C-2BC0-5319-09DED1D03273}.Debug|Any CPU.ActiveCfg = Debug|Any CPU
		{6ABC196C-D77C-2BC0-5319-09DED1D03273}.Debug|Any CPU.Build.0 = Debug|Any CPU
		{6ABC196C-D77C-2BC0-5319-09DED1D03273}.Release|Any CPU.ActiveCfg = Release|Any CPU
		{6ABC196C-D77C-2BC0-5319-09DED1D03273}.Release|Any CPU.Build.0 = Release|Any CPU
		{00FB58F0-F423-9224-8C33-BD13F1CA3F42}.Debug|Any CPU.ActiveCfg = Debug|Any CPU
		{00FB58F0-F423-9224-8C33-BD13F1CA3F42}.Debug|Any CPU.Build.0 = Debug|Any CPU
		{00FB58F0-F423-9224-8C33-BD13F1CA3F42}.Release|Any CPU.ActiveCfg = Release|Any CPU
		{00FB58F0-F423-9224-8C33-BD13F1CA3F42}.Release|Any CPU.Build.0 = Release|Any CPU
		{B1B3DD44-BD0E-FF0D-8173-226E11ED29FC}.Debug|Any CPU.ActiveCfg = Debug|Any CPU
		{B1B3DD44-BD0E-FF0D-8173-226E11ED29FC}.Debug|Any CPU.Build.0 = Debug|Any CPU
		{B1B3DD44-BD0E-FF0D-8173-226E11ED29FC}.Release|Any CPU.ActiveCfg = Release|Any CPU
		{B1B3DD44-BD0E-FF0D-8173-226E11ED29FC}.Release|Any CPU.Build.0 = Release|Any CPU
		{9E4FAA1D-C5D9-3E1E-F7B3-52C841F3C9B9}.Debug|Any CPU.ActiveCfg = Debug|Any CPU
		{9E4FAA1D-C5D9-3E1E-F7B3-52C841F3C9B9}.Debug|Any CPU.Build.0 = Debug|Any CPU
		{9E4FAA1D-C5D9-3E1E-F7B3-52C841F3C9B9}.Release|Any CPU.ActiveCfg = Release|Any CPU
		{9E4FAA1D-C5D9-3E1E-F7B3-52C841F3C9B9}.Release|Any CPU.Build.0 = Release|Any CPU
		{33712E73-91A1-B097-F9C2-F4390C3952C1}.Debug|Any CPU.ActiveCfg = Debug|Any CPU
		{33712E73-91A1-B097-F9C2-F4390C3952C1}.Debug|Any CPU.Build.0 = Debug|Any CPU
		{33712E73-91A1-B097-F9C2-F4390C3952C1}.Release|Any CPU.ActiveCfg = Release|Any CPU
		{33712E73-91A1-B097-F9C2-F4390C3952C1}.Release|Any CPU.Build.0 = Release|Any CPU
		{19F4E527-D516-08F4-458D-B6C8D8D995C4}.Debug|Any CPU.ActiveCfg = Debug|Any CPU
		{19F4E527-D516-08F4-458D-B6C8D8D995C4}.Debug|Any CPU.Build.0 = Debug|Any CPU
		{19F4E527-D516-08F4-458D-B6C8D8D995C4}.Release|Any CPU.ActiveCfg = Release|Any CPU
		{19F4E527-D516-08F4-458D-B6C8D8D995C4}.Release|Any CPU.Build.0 = Release|Any CPU
		{1C163BA2-7420-9EA2-1B75-EB897E56A75B}.Debug|Any CPU.ActiveCfg = Debug|Any CPU
		{1C163BA2-7420-9EA2-1B75-EB897E56A75B}.Debug|Any CPU.Build.0 = Debug|Any CPU
		{1C163BA2-7420-9EA2-1B75-EB897E56A75B}.Release|Any CPU.ActiveCfg = Release|Any CPU
		{1C163BA2-7420-9EA2-1B75-EB897E56A75B}.Release|Any CPU.Build.0 = Release|Any CPU
		{DC6FB5F9-993D-345B-5842-19439C68378E}.Debug|Any CPU.ActiveCfg = Debug|Any CPU
		{DC6FB5F9-993D-345B-5842-19439C68378E}.Debug|Any CPU.Build.0 = Debug|Any CPU
		{DC6FB5F9-993D-345B-5842-19439C68378E}.Release|Any CPU.ActiveCfg = Release|Any CPU
		{DC6FB5F9-993D-345B-5842-19439C68378E}.Release|Any CPU.Build.0 = Release|Any CPU
		{3C1B119C-F243-A726-4636-12A9D7B4F841}.Debug|Any CPU.ActiveCfg = Debug|Any CPU
		{3C1B119C-F243-A726-4636-12A9D7B4F841}.Debug|Any CPU.Build.0 = Debug|Any CPU
		{3C1B119C-F243-A726-4636-12A9D7B4F841}.Release|Any CPU.ActiveCfg = Release|Any CPU
		{3C1B119C-F243-A726-4636-12A9D7B4F841}.Release|Any CPU.Build.0 = Release|Any CPU
		{E9B85F71-ED99-D150-5879-7960671A34D1}.Debug|Any CPU.ActiveCfg = Debug|Any CPU
		{E9B85F71-ED99-D150-5879-7960671A34D1}.Debug|Any CPU.Build.0 = Debug|Any CPU
		{E9B85F71-ED99-D150-5879-7960671A34D1}.Release|Any CPU.ActiveCfg = Release|Any CPU
		{E9B85F71-ED99-D150-5879-7960671A34D1}.Release|Any CPU.Build.0 = Release|Any CPU
		{C549FE41-43A4-AE87-848A-6A3C72CDF5F3}.Debug|Any CPU.ActiveCfg = Debug|Any CPU
		{C549FE41-43A4-AE87-848A-6A3C72CDF5F3}.Debug|Any CPU.Build.0 = Debug|Any CPU
		{C549FE41-43A4-AE87-848A-6A3C72CDF5F3}.Release|Any CPU.ActiveCfg = Release|Any CPU
		{C549FE41-43A4-AE87-848A-6A3C72CDF5F3}.Release|Any CPU.Build.0 = Release|Any CPU
		{14AAE05B-B6D5-740E-5476-C7313937476B}.Debug|Any CPU.ActiveCfg = Debug|Any CPU
		{14AAE05B-B6D5-740E-5476-C7313937476B}.Debug|Any CPU.Build.0 = Debug|Any CPU
		{14AAE05B-B6D5-740E-5476-C7313937476B}.Release|Any CPU.ActiveCfg = Release|Any CPU
		{14AAE05B-B6D5-740E-5476-C7313937476B}.Release|Any CPU.Build.0 = Release|Any CPU
		{7F2E0D9A-D49D-1A4B-75D5-7953765B4602}.Debug|Any CPU.ActiveCfg = Debug|Any CPU
		{7F2E0D9A-D49D-1A4B-75D5-7953765B4602}.Debug|Any CPU.Build.0 = Debug|Any CPU
		{7F2E0D9A-D49D-1A4B-75D5-7953765B4602}.Release|Any CPU.ActiveCfg = Release|Any CPU
		{7F2E0D9A-D49D-1A4B-75D5-7953765B4602}.Release|Any CPU.Build.0 = Release|Any CPU
		{E8B8AFE4-392E-1D56-3C5E-ACB7F5D0CCB2}.Debug|Any CPU.ActiveCfg = Debug|Any CPU
		{E8B8AFE4-392E-1D56-3C5E-ACB7F5D0CCB2}.Debug|Any CPU.Build.0 = Debug|Any CPU
		{E8B8AFE4-392E-1D56-3C5E-ACB7F5D0CCB2}.Release|Any CPU.ActiveCfg = Release|Any CPU
		{E8B8AFE4-392E-1D56-3C5E-ACB7F5D0CCB2}.Release|Any CPU.Build.0 = Release|Any CPU
		{6B2B9AB8-E57E-B4D0-08C4-779182ABFE55}.Debug|Any CPU.ActiveCfg = Debug|Any CPU
		{6B2B9AB8-E57E-B4D0-08C4-779182ABFE55}.Debug|Any CPU.Build.0 = Debug|Any CPU
		{6B2B9AB8-E57E-B4D0-08C4-779182ABFE55}.Release|Any CPU.ActiveCfg = Release|Any CPU
		{6B2B9AB8-E57E-B4D0-08C4-779182ABFE55}.Release|Any CPU.Build.0 = Release|Any CPU
		{6731E8F1-872C-92F6-466E-6B2B7667DA51}.Debug|Any CPU.ActiveCfg = Debug|Any CPU
		{6731E8F1-872C-92F6-466E-6B2B7667DA51}.Debug|Any CPU.Build.0 = Debug|Any CPU
		{6731E8F1-872C-92F6-466E-6B2B7667DA51}.Release|Any CPU.ActiveCfg = Release|Any CPU
		{6731E8F1-872C-92F6-466E-6B2B7667DA51}.Release|Any CPU.Build.0 = Release|Any CPU
		{CBB4760E-D693-AE2A-559D-013AA747C115}.Debug|Any CPU.ActiveCfg = Debug|Any CPU
		{CBB4760E-D693-AE2A-559D-013AA747C115}.Debug|Any CPU.Build.0 = Debug|Any CPU
		{CBB4760E-D693-AE2A-559D-013AA747C115}.Release|Any CPU.ActiveCfg = Release|Any CPU
		{CBB4760E-D693-AE2A-559D-013AA747C115}.Release|Any CPU.Build.0 = Release|Any CPU
		{DC8EBB23-E7E4-2AC9-F81F-3BC97C13DF5E}.Debug|Any CPU.ActiveCfg = Debug|Any CPU
		{DC8EBB23-E7E4-2AC9-F81F-3BC97C13DF5E}.Debug|Any CPU.Build.0 = Debug|Any CPU
		{DC8EBB23-E7E4-2AC9-F81F-3BC97C13DF5E}.Release|Any CPU.ActiveCfg = Release|Any CPU
		{DC8EBB23-E7E4-2AC9-F81F-3BC97C13DF5E}.Release|Any CPU.Build.0 = Release|Any CPU
		{DBD7EC3D-626F-3480-0FD5-2A9DA1AD872F}.Debug|Any CPU.ActiveCfg = Debug|Any CPU
		{DBD7EC3D-626F-3480-0FD5-2A9DA1AD872F}.Debug|Any CPU.Build.0 = Debug|Any CPU
		{DBD7EC3D-626F-3480-0FD5-2A9DA1AD872F}.Release|Any CPU.ActiveCfg = Release|Any CPU
		{DBD7EC3D-626F-3480-0FD5-2A9DA1AD872F}.Release|Any CPU.Build.0 = Release|Any CPU
		{F438EB74-CFC7-0F32-3027-7C234C32D5B7}.Debug|Any CPU.ActiveCfg = Debug|Any CPU
		{F438EB74-CFC7-0F32-3027-7C234C32D5B7}.Debug|Any CPU.Build.0 = Debug|Any CPU
		{F438EB74-CFC7-0F32-3027-7C234C32D5B7}.Release|Any CPU.ActiveCfg = Release|Any CPU
		{F438EB74-CFC7-0F32-3027-7C234C32D5B7}.Release|Any CPU.Build.0 = Release|Any CPU
		{24B23F39-3534-F029-B57D-B8B7BDFCB77F}.Debug|Any CPU.ActiveCfg = Debug|Any CPU
		{24B23F39-3534-F029-B57D-B8B7BDFCB77F}.Debug|Any CPU.Build.0 = Debug|Any CPU
		{24B23F39-3534-F029-B57D-B8B7BDFCB77F}.Release|Any CPU.ActiveCfg = Release|Any CPU
		{24B23F39-3534-F029-B57D-B8B7BDFCB77F}.Release|Any CPU.Build.0 = Release|Any CPU
		{0AAFB818-9912-52A3-D6A3-7BDAEB1009D1}.Debug|Any CPU.ActiveCfg = Debug|Any CPU
		{0AAFB818-9912-52A3-D6A3-7BDAEB1009D1}.Debug|Any CPU.Build.0 = Debug|Any CPU
		{0AAFB818-9912-52A3-D6A3-7BDAEB1009D1}.Release|Any CPU.ActiveCfg = Release|Any CPU
		{0AAFB818-9912-52A3-D6A3-7BDAEB1009D1}.Release|Any CPU.Build.0 = Release|Any CPU
		{78AC2FD9-FBB6-441E-6C81-9F35A4DF6634}.Debug|Any CPU.ActiveCfg = Debug|Any CPU
		{78AC2FD9-FBB6-441E-6C81-9F35A4DF6634}.Debug|Any CPU.Build.0 = Debug|Any CPU
		{78AC2FD9-FBB6-441E-6C81-9F35A4DF6634}.Release|Any CPU.ActiveCfg = Release|Any CPU
		{78AC2FD9-FBB6-441E-6C81-9F35A4DF6634}.Release|Any CPU.Build.0 = Release|Any CPU
		{7A307EF6-3DE1-F7A8-1163-09CA52E87406}.Debug|Any CPU.ActiveCfg = Debug|Any CPU
		{7A307EF6-3DE1-F7A8-1163-09CA52E87406}.Debug|Any CPU.Build.0 = Debug|Any CPU
		{7A307EF6-3DE1-F7A8-1163-09CA52E87406}.Release|Any CPU.ActiveCfg = Release|Any CPU
		{7A307EF6-3DE1-F7A8-1163-09CA52E87406}.Release|Any CPU.Build.0 = Release|Any CPU
		{18361253-EA4F-FFFE-4228-4A6994E44820}.Debug|Any CPU.ActiveCfg = Debug|Any CPU
		{18361253-EA4F-FFFE-4228-4A6994E44820}.Debug|Any CPU.Build.0 = Debug|Any CPU
		{18361253-EA4F-FFFE-4228-4A6994E44820}.Release|Any CPU.ActiveCfg = Release|Any CPU
		{18361253-EA4F-FFFE-4228-4A6994E44820}.Release|Any CPU.Build.0 = Release|Any CPU
		{033AE1D1-1A38-E987-9140-484CB8439AAB}.Debug|Any CPU.ActiveCfg = Debug|Any CPU
		{033AE1D1-1A38-E987-9140-484CB8439AAB}.Debug|Any CPU.Build.0 = Debug|Any CPU
		{033AE1D1-1A38-E987-9140-484CB8439AAB}.Release|Any CPU.ActiveCfg = Release|Any CPU
		{033AE1D1-1A38-E987-9140-484CB8439AAB}.Release|Any CPU.Build.0 = Release|Any CPU
		{73973B9C-0B64-48EE-9B9F-54113DE000D3}.Debug|Any CPU.ActiveCfg = Debug|Any CPU
		{73973B9C-0B64-48EE-9B9F-54113DE000D3}.Debug|Any CPU.Build.0 = Debug|Any CPU
		{73973B9C-0B64-48EE-9B9F-54113DE000D3}.Release|Any CPU.ActiveCfg = Release|Any CPU
		{73973B9C-0B64-48EE-9B9F-54113DE000D3}.Release|Any CPU.Build.0 = Release|Any CPU
		{CA7E7408-D618-4033-8D5A-E96DA819E9D3}.Debug|Any CPU.ActiveCfg = Debug|Any CPU
		{CA7E7408-D618-4033-8D5A-E96DA819E9D3}.Debug|Any CPU.Build.0 = Debug|Any CPU
		{CA7E7408-D618-4033-8D5A-E96DA819E9D3}.Release|Any CPU.ActiveCfg = Release|Any CPU
		{CA7E7408-D618-4033-8D5A-E96DA819E9D3}.Release|Any CPU.Build.0 = Release|Any CPU
		{D2D35CC1-ECC1-A5CF-173A-002F973C021C}.Debug|Any CPU.ActiveCfg = Debug|Any CPU
		{D2D35CC1-ECC1-A5CF-173A-002F973C021C}.Debug|Any CPU.Build.0 = Debug|Any CPU
		{D2D35CC1-ECC1-A5CF-173A-002F973C021C}.Release|Any CPU.ActiveCfg = Release|Any CPU
		{D2D35CC1-ECC1-A5CF-173A-002F973C021C}.Release|Any CPU.Build.0 = Release|Any CPU
		{4C150343-DE3D-C1EA-4A76-D6572FDDF726}.Debug|Any CPU.ActiveCfg = Debug|Any CPU
		{4C150343-DE3D-C1EA-4A76-D6572FDDF726}.Debug|Any CPU.Build.0 = Debug|Any CPU
		{4C150343-DE3D-C1EA-4A76-D6572FDDF726}.Release|Any CPU.ActiveCfg = Release|Any CPU
		{4C150343-DE3D-C1EA-4A76-D6572FDDF726}.Release|Any CPU.Build.0 = Release|Any CPU
		{B0600A8A-63BD-8949-FA53-A48F6220D8C5}.Debug|Any CPU.ActiveCfg = Debug|Any CPU
		{B0600A8A-63BD-8949-FA53-A48F6220D8C5}.Debug|Any CPU.Build.0 = Debug|Any CPU
		{B0600A8A-63BD-8949-FA53-A48F6220D8C5}.Release|Any CPU.ActiveCfg = Release|Any CPU
		{B0600A8A-63BD-8949-FA53-A48F6220D8C5}.Release|Any CPU.Build.0 = Release|Any CPU
		{7BE4B238-6E66-6F6B-4BB2-0D4A5CA6C214}.Debug|Any CPU.ActiveCfg = Debug|Any CPU
		{7BE4B238-6E66-6F6B-4BB2-0D4A5CA6C214}.Debug|Any CPU.Build.0 = Debug|Any CPU
		{7BE4B238-6E66-6F6B-4BB2-0D4A5CA6C214}.Release|Any CPU.ActiveCfg = Release|Any CPU
		{7BE4B238-6E66-6F6B-4BB2-0D4A5CA6C214}.Release|Any CPU.Build.0 = Release|Any CPU
	EndGlobalSection
	GlobalSection(SolutionProperties) = preSolution
		HideSolutionNode = FALSE
	EndGlobalSection
EndGlobal
